
Microsoft Visual Studio Solution File, Format Version 12.00
# Visual Studio Version 17
VisualStudioVersion = 17.5.33627.172
MinimumVisualStudioVersion = 10.0.40219.1
Project("{FAE04EC0-301F-11D3-BF4B-00C04F79EFBC}") = "BridgeTest", "BridgeTest.csproj", "{9411C720-D709-4F62-AA0F-4D06814E64B4}"
EndProject
Global
	GlobalSection(SolutionConfigurationPlatforms) = preSolution
		Debug|Any CPU = Debug|Any CPU
		Release|Any CPU = Release|Any CPU
	EndGlobalSection
	GlobalSection(ProjectConfigurationPlatforms) = postSolution
		{9411C720-D709-4F62-AA0F-4D06814E64B4}.Debug|Any CPU.ActiveCfg = Debug|Any CPU
		{9411C720-D709-4F62-AA0F-4D06814E64B4}.Debug|Any CPU.Build.0 = Debug|Any CPU
		{9411C720-D709-4F62-AA0F-4D06814E64B4}.Release|Any CPU.ActiveCfg = Release|Any CPU
		{9411C720-D709-4F62-AA0F-4D06814E64B4}.Release|Any CPU.Build.0 = Release|Any CPU
	EndGlobalSection
	GlobalSection(SolutionProperties) = preSolution
		HideSolutionNode = FALSE
	EndGlobalSection
	GlobalSection(ExtensibilityGlobals) = postSolution
		SolutionGuid = {F4AEA59D-D8BC-4951-BBB8-14468C1E94DE}
	EndGlobalSection
EndGlobal
